{
  "version": 4,
  "terraform_version": "1.3.7",
  "serial": 457,
  "lineage": "ef68e067-e0bc-8d01-26e9-2902a05681d4",
  "outputs": {},
  "resources": [
    {
      "mode": "managed",
      "type": "aws_ecs_cluster",
      "name": "store-fargate-cluster",
      "provider": "provider[\"registry.terraform.io/hashicorp/aws\"]",
      "instances": [
        {
          "schema_version": 0,
          "attributes": {
            "arn": "arn:aws:ecs:us-east-1:992382788479:cluster/store-fargate-cluster",
            "configuration": [],
            "id": "arn:aws:ecs:us-east-1:992382788479:cluster/store-fargate-cluster",
            "name": "store-fargate-cluster",
            "service_connect_defaults": [],
            "setting": [
              {
                "name": "containerInsights",
                "value": "disabled"
              }
            ],
            "tags": {
              "Name": "store-fargate-cluster"
            },
            "tags_all": {
              "Name": "store-fargate-cluster"
            }
          },
          "sensitive_attributes": [],
          "private": "bnVsbA=="
        }
      ]
    }
  ],
  "check_results": null
}
